<?xml version="1.0" encoding="utf-8"?>
<Project ToolsVersion="4.0" xmlns="http://schemas.microsoft.com/developer/msbuild/2003">
  <ItemGroup>
    <Filter Include="General">
      <UniqueIdentifier>{4FC737F1-C7A5-4376-A066-2A32D752A2FF}</UniqueIdentifier>
      <Extensions>cpp;c;cc;cxx;def;odl;idl;hpj;bat;asm;asmx</Extensions>
    </Filter>
    <Filter Include="Game">
      <UniqueIdentifier>{7af33695-c06d-49f5-bd26-63fc967f3568}</UniqueIdentifier>
    </Filter>
    <Filter Include="Data">
      <UniqueIdentifier>{e55b867b-04ce-4af6-8c4f-f1490f896af2}</UniqueIdentifier>
    </Filter>
    <Filter Include="Data\Images">
      <UniqueIdentifier>{3ac8c638-66fd-4b40-9de0-832bfc7f8463}</UniqueIdentifier>
    </Filter>
    <Filter Include="Data\Materials">
      <UniqueIdentifier>{b9051351-9339-480f-aef3-6d0496a381e2}</UniqueIdentifier>
    </Filter>
    <Filter Include="Data\Shaders">
      <UniqueIdentifier>{eceab498-2f4d-4dd0-ad01-381d6ab3d3c8}</UniqueIdentifier>
    </Filter>
    <Filter Include="Data\ShaderPrograms">
      <UniqueIdentifier>{5c361708-925f-4575-bf22-84bb55d0f7f5}</UniqueIdentifier>
    </Filter>
  </ItemGroup>
  <ItemGroup>
    <ClCompile Include="Main_Win32.cpp">
      <Filter>General</Filter>
    </ClCompile>
    <ClCompile Include="GameCommon.cpp">
      <Filter>General</Filter>
    </ClCompile>
    <ClCompile Include="App.cpp">
      <Filter>General</Filter>
    </ClCompile>
    <ClCompile Include="Game.cpp">
      <Filter>Game</Filter>
    </ClCompile>
    <ClCompile Include="GameConfig.cpp">
      <Filter>General</Filter>
    </ClCompile>
    <ClCompile Include="GameStateMachine.cpp">
      <Filter>Game</Filter>
    </ClCompile>
    <ClCompile Include="GameStateRestartCurrentState.cpp">
      <Filter>Game</Filter>
    </ClCompile>
    <ClCompile Include="GameStateGravityDrag.cpp">
      <Filter>Game</Filter>
    </ClCompile>
  </ItemGroup>
  <ItemGroup>
    <ClInclude Include="GameCommon.hpp">
      <Filter>General</Filter>
    </ClInclude>
    <ClInclude Include="App.hpp">
      <Filter>General</Filter>
    </ClInclude>
    <ClInclude Include="Game.hpp">
      <Filter>Game</Filter>
    </ClInclude>
    <ClInclude Include="GameConfig.hpp">
      <Filter>General</Filter>
    </ClInclude>
    <ClInclude Include="GameStateMachine.hpp">
      <Filter>Game</Filter>
    </ClInclude>
    <ClInclude Include="IState.hpp">
      <Filter>Game</Filter>
    </ClInclude>
    <ClInclude Include="GameStateRestartCurrentState.hpp">
      <Filter>Game</Filter>
    </ClInclude>
    <ClInclude Include="GameStateGravityDrag.hpp">
      <Filter>Game</Filter>
    </ClInclude>
  </ItemGroup>
</Project>